PODS:
  - KRProgressHUD (2.0.0)
  - ObjectMapper (2.1.0)
  - Realm (2.0.2):
    - Realm/Headers (= 2.0.2)
  - Realm/Headers (2.0.2)
  - RealmSwift (2.0.2):
    - Realm (= 2.0.2)
  - SnapKit (3.0.2)

DEPENDENCIES:
  - KRProgressHUD
  - ObjectMapper
  - RealmSwift
  - SnapKit

SPEC CHECKSUMS:
  KRProgressHUD: fa77b02194e532579579d5f0953282dab1c961c5
  ObjectMapper: e5e0f8aef8590fc2ddcde7f27eddb255863ee6e9
  Realm: 0f5a194af0b7e6158b83db41b4ee1a00be7ddf1a
  RealmSwift: 0eb5070d851cba7c66e841ca756d83609dc78bc8
  SnapKit: 2e456761aa92d4d4067a7a5594c18769d451a8ad

PODFILE CHECKSUM: be88db89a418a1ef09b9a431bf36beb434b6f98a

COCOAPODS: 1.1.0.beta.1
