// !$*UTF8*$!
{
	archiveVersion = 1;
	classes = {
	};
	objectVersion = 46;
	objects = {

/* Begin PBXBuildFile section */
		C137DD5A0E6DD962DCAA72DB /* Pods_RandomAppTests.framework in Frameworks */ = {isa = PBXBuildFile; fileRef = 5DD8DF91FE162490C0B7AEF5 /* Pods_RandomAppTests.framework */; };
		F480E4B72578C225FDA5B2C9 /* Pods_RandomApp.framework in Frameworks */ = {isa = PBXBuildFile; fileRef = 20DDA48069A91BBA50DF25EB /* Pods_RandomApp.framework */; };
		FF2B27A41D91980000C552F3 /* FriendCell.swift in Sources */ = {isa = PBXBuildFile; fileRef = FF2B27A31D91980000C552F3 /* FriendCell.swift */; };
		FF2B27A61D91982800C552F3 /* CellRepresentable.swift in Sources */ = {isa = PBXBuildFile; fileRef = FF2B27A51D91982800C552F3 /* CellRepresentable.swift */; };
		FF2B27A81D91986300C552F3 /* CellIdentifiable.swift in Sources */ = {isa = PBXBuildFile; fileRef = FF2B27A71D91986300C552F3 /* CellIdentifiable.swift */; };
		FF2B27AA1D91988B00C552F3 /* UITableViewCell+Extensions.swift in Sources */ = {isa = PBXBuildFile; fileRef = FF2B27A91D91988B00C552F3 /* UITableViewCell+Extensions.swift */; };
		FF2B27B01D92793B00C552F3 /* FriendCellDefaultViewModel.swift in Sources */ = {isa = PBXBuildFile; fileRef = FF2B27AF1D92793B00C552F3 /* FriendCellDefaultViewModel.swift */; };
		FF2B27B81D927D9200C552F3 /* FriendCell.xib in Resources */ = {isa = PBXBuildFile; fileRef = FF2B27B61D927D9200C552F3 /* FriendCell.xib */; };
		FF2B27BA1D927EC100C552F3 /* Friend.swift in Sources */ = {isa = PBXBuildFile; fileRef = FF2B27B91D927EC100C552F3 /* Friend.swift */; };
		FF2B27BE1D9284A100C552F3 /* Network.swift in Sources */ = {isa = PBXBuildFile; fileRef = FF2B27BD1D9284A100C552F3 /* Network.swift */; };
		FF4DB64B1D8C0D3D00424759 /* RandomAppTests.swift in Sources */ = {isa = PBXBuildFile; fileRef = FF4DB64A1D8C0D3D00424759 /* RandomAppTests.swift */; };
		FF4DB6841D8C0FF200424759 /* Assets.xcassets in Resources */ = {isa = PBXBuildFile; fileRef = FF4DB6731D8C0FF200424759 /* Assets.xcassets */; };
		FF7408631D93D0A400DD2E1E /* ImageCache.swift in Sources */ = {isa = PBXBuildFile; fileRef = FF7408621D93D0A400DD2E1E /* ImageCache.swift */; };
		FF7408651D93D13F00DD2E1E /* ImageCacheProvider.swift in Sources */ = {isa = PBXBuildFile; fileRef = FF7408641D93D13F00DD2E1E /* ImageCacheProvider.swift */; };
		FF784BF21D910EA800C90DA6 /* AppDelegate.swift in Sources */ = {isa = PBXBuildFile; fileRef = FF784BE31D910EA800C90DA6 /* AppDelegate.swift */; };
		FF784BF31D910EA800C90DA6 /* AppCoordinator.swift in Sources */ = {isa = PBXBuildFile; fileRef = FF784BE61D910EA800C90DA6 /* AppCoordinator.swift */; };
		FF784BF51D910EA800C90DA6 /* FriendsListCoordinator.swift in Sources */ = {isa = PBXBuildFile; fileRef = FF784BE81D910EA800C90DA6 /* FriendsListCoordinator.swift */; };
		FF784BF81D910EA800C90DA6 /* LaunchScreen.storyboard in Resources */ = {isa = PBXBuildFile; fileRef = FF784BF11D910EA800C90DA6 /* LaunchScreen.storyboard */; };
		FF784BFD1D91252C00C90DA6 /* CoordinatorsProtocols.swift in Sources */ = {isa = PBXBuildFile; fileRef = FF784BFC1D91252C00C90DA6 /* CoordinatorsProtocols.swift */; };
		FF784C171D91944600C90DA6 /* FriendCellViewModel.swift in Sources */ = {isa = PBXBuildFile; fileRef = FF784C111D91944600C90DA6 /* FriendCellViewModel.swift */; };
		FF784C181D91944600C90DA6 /* FriendsListDefaultViewModel.swift in Sources */ = {isa = PBXBuildFile; fileRef = FF784C121D91944600C90DA6 /* FriendsListDefaultViewModel.swift */; };
		FF784C191D91944600C90DA6 /* FriendsListViewController.swift in Sources */ = {isa = PBXBuildFile; fileRef = FF784C131D91944600C90DA6 /* FriendsListViewController.swift */; };
		FF784C1A1D91944600C90DA6 /* FriendsListViewModel.swift in Sources */ = {isa = PBXBuildFile; fileRef = FF784C141D91944600C90DA6 /* FriendsListViewModel.swift */; };
		FF8602291D92D8F60037E690 /* ServicesFactory.swift in Sources */ = {isa = PBXBuildFile; fileRef = FF8602281D92D8F60037E690 /* ServicesFactory.swift */; };
		FF86022C1D92FC9A0037E690 /* AvatarImageView.swift in Sources */ = {isa = PBXBuildFile; fileRef = FF86022B1D92FC9A0037E690 /* AvatarImageView.swift */; };
		FFD7E9821DAE94F000DA8761 /* RealmMappedCollection.swift in Sources */ = {isa = PBXBuildFile; fileRef = FFD7E9811DAE94F000DA8761 /* RealmMappedCollection.swift */; };
		FFD7E9841DAEA16000DA8761 /* RealmIdentifiable.swift in Sources */ = {isa = PBXBuildFile; fileRef = FFD7E9831DAEA16000DA8761 /* RealmIdentifiable.swift */; };
		FFEDDBC51D9EBC7900205C3F /* Dispatch.swift in Sources */ = {isa = PBXBuildFile; fileRef = FFEDDBC41D9EBC7900205C3F /* Dispatch.swift */; };
		FFF178B21D999E8000FA5E08 /* RealmFactory.swift in Sources */ = {isa = PBXBuildFile; fileRef = FFF178B11D999E8000FA5E08 /* RealmFactory.swift */; };
		FFF178B41D999E8D00FA5E08 /* RealmGateway.swift in Sources */ = {isa = PBXBuildFile; fileRef = FFF178B31D999E8D00FA5E08 /* RealmGateway.swift */; };
		FFF178B61D999E9700FA5E08 /* RealmGatewayProvider.swift in Sources */ = {isa = PBXBuildFile; fileRef = FFF178B51D999E9700FA5E08 /* RealmGatewayProvider.swift */; };
		FFF4A6D31D92875E0036E6C2 /* NetworkRequest.swift in Sources */ = {isa = PBXBuildFile; fileRef = FFF4A6D21D92875E0036E6C2 /* NetworkRequest.swift */; };
		FFF4A6D51D92887F0036E6C2 /* NetworkProvider.swift in Sources */ = {isa = PBXBuildFile; fileRef = FFF4A6D41D92887F0036E6C2 /* NetworkProvider.swift */; };
		FFF4A6D71D928DDF0036E6C2 /* API.swift in Sources */ = {isa = PBXBuildFile; fileRef = FFF4A6D61D928DDE0036E6C2 /* API.swift */; };
		FFF4A6D91D928DEA0036E6C2 /* APIProvider.swift in Sources */ = {isa = PBXBuildFile; fileRef = FFF4A6D81D928DEA0036E6C2 /* APIProvider.swift */; };
		FFF4A6DD1D928FBE0036E6C2 /* RequestFactory.swift in Sources */ = {isa = PBXBuildFile; fileRef = FFF4A6DC1D928FBE0036E6C2 /* RequestFactory.swift */; };
		FFF777AB1D95074B002EDDB4 /* UniqueCell.swift in Sources */ = {isa = PBXBuildFile; fileRef = FFF777AA1D95074B002EDDB4 /* UniqueCell.swift */; };
		FFF777AD1D950F00002EDDB4 /* ImageProvider.swift in Sources */ = {isa = PBXBuildFile; fileRef = FFF777AC1D950F00002EDDB4 /* ImageProvider.swift */; };
		FFF777AF1D952197002EDDB4 /* UIViewController+Extensions.swift in Sources */ = {isa = PBXBuildFile; fileRef = FFF777AE1D952197002EDDB4 /* UIViewController+Extensions.swift */; };
		FFF777B21D95A213002EDDB4 /* FriendDetailsViewController.swift in Sources */ = {isa = PBXBuildFile; fileRef = FFF777B11D95A213002EDDB4 /* FriendDetailsViewController.swift */; };
		FFF777B41D95A6D2002EDDB4 /* FriendDetailsViewModel.swift in Sources */ = {isa = PBXBuildFile; fileRef = FFF777B31D95A6D2002EDDB4 /* FriendDetailsViewModel.swift */; };
		FFF777B61D95A6E5002EDDB4 /* FriendDetailsDefaultViewModel.swift in Sources */ = {isa = PBXBuildFile; fileRef = FFF777B51D95A6E5002EDDB4 /* FriendDetailsDefaultViewModel.swift */; };
		FFF777B91D95A8D0002EDDB4 /* StringFormatter.swift in Sources */ = {isa = PBXBuildFile; fileRef = FFF777B81D95A8D0002EDDB4 /* StringFormatter.swift */; };
/* End PBXBuildFile section */

/* Begin PBXContainerItemProxy section */
		FF4DB6471D8C0D3D00424759 /* PBXContainerItemProxy */ = {
			isa = PBXContainerItemProxy;
			containerPortal = FF4DB62A1D8C0D3D00424759 /* Project object */;
			proxyType = 1;
			remoteGlobalIDString = FF4DB6311D8C0D3D00424759;
			remoteInfo = RandomApp;
		};
/* End PBXContainerItemProxy section */

/* Begin PBXFileReference section */
		20DDA48069A91BBA50DF25EB /* Pods_RandomApp.framework */ = {isa = PBXFileReference; explicitFileType = wrapper.framework; includeInIndex = 0; path = Pods_RandomApp.framework; sourceTree = BUILT_PRODUCTS_DIR; };
		2CC8DFCE75EC9CECDA37B27D /* Pods-RandomAppTests.release.xcconfig */ = {isa = PBXFileReference; includeInIndex = 1; lastKnownFileType = text.xcconfig; name = "Pods-RandomAppTests.release.xcconfig"; path = "Pods/Target Support Files/Pods-RandomAppTests/Pods-RandomAppTests.release.xcconfig"; sourceTree = "<group>"; };
		47B6E67E5B90A4D9681BE792 /* Pods-RandomApp.release.xcconfig */ = {isa = PBXFileReference; includeInIndex = 1; lastKnownFileType = text.xcconfig; name = "Pods-RandomApp.release.xcconfig"; path = "Pods/Target Support Files/Pods-RandomApp/Pods-RandomApp.release.xcconfig"; sourceTree = "<group>"; };
		5DD8DF91FE162490C0B7AEF5 /* Pods_RandomAppTests.framework */ = {isa = PBXFileReference; explicitFileType = wrapper.framework; includeInIndex = 0; path = Pods_RandomAppTests.framework; sourceTree = BUILT_PRODUCTS_DIR; };
		9C101055E078B50F3AA494C9 /* Pods-RandomAppTests.debug.xcconfig */ = {isa = PBXFileReference; includeInIndex = 1; lastKnownFileType = text.xcconfig; name = "Pods-RandomAppTests.debug.xcconfig"; path = "Pods/Target Support Files/Pods-RandomAppTests/Pods-RandomAppTests.debug.xcconfig"; sourceTree = "<group>"; };
		D6055EF0F663E9EF0D866C12 /* Pods-RandomApp.debug.xcconfig */ = {isa = PBXFileReference; includeInIndex = 1; lastKnownFileType = text.xcconfig; name = "Pods-RandomApp.debug.xcconfig"; path = "Pods/Target Support Files/Pods-RandomApp/Pods-RandomApp.debug.xcconfig"; sourceTree = "<group>"; };
		FF2B27A31D91980000C552F3 /* FriendCell.swift */ = {isa = PBXFileReference; fileEncoding = 4; lastKnownFileType = sourcecode.swift; path = FriendCell.swift; sourceTree = "<group>"; };
		FF2B27A51D91982800C552F3 /* CellRepresentable.swift */ = {isa = PBXFileReference; fileEncoding = 4; lastKnownFileType = sourcecode.swift; path = CellRepresentable.swift; sourceTree = "<group>"; };
		FF2B27A71D91986300C552F3 /* CellIdentifiable.swift */ = {isa = PBXFileReference; fileEncoding = 4; lastKnownFileType = sourcecode.swift; path = CellIdentifiable.swift; sourceTree = "<group>"; };
		FF2B27A91D91988B00C552F3 /* UITableViewCell+Extensions.swift */ = {isa = PBXFileReference; fileEncoding = 4; lastKnownFileType = sourcecode.swift; path = "UITableViewCell+Extensions.swift"; sourceTree = "<group>"; };
		FF2B27AF1D92793B00C552F3 /* FriendCellDefaultViewModel.swift */ = {isa = PBXFileReference; fileEncoding = 4; lastKnownFileType = sourcecode.swift; path = FriendCellDefaultViewModel.swift; sourceTree = "<group>"; };
		FF2B27B61D927D9200C552F3 /* FriendCell.xib */ = {isa = PBXFileReference; fileEncoding = 4; lastKnownFileType = file.xib; path = FriendCell.xib; sourceTree = "<group>"; };
		FF2B27B91D927EC100C552F3 /* Friend.swift */ = {isa = PBXFileReference; fileEncoding = 4; lastKnownFileType = sourcecode.swift; path = Friend.swift; sourceTree = "<group>"; };
		FF2B27BD1D9284A100C552F3 /* Network.swift */ = {isa = PBXFileReference; fileEncoding = 4; lastKnownFileType = sourcecode.swift; path = Network.swift; sourceTree = "<group>"; };
		FF4DB6321D8C0D3D00424759 /* RandomApp.app */ = {isa = PBXFileReference; explicitFileType = wrapper.application; includeInIndex = 0; path = RandomApp.app; sourceTree = BUILT_PRODUCTS_DIR; };
		FF4DB6461D8C0D3D00424759 /* RandomAppTests.xctest */ = {isa = PBXFileReference; explicitFileType = wrapper.cfbundle; includeInIndex = 0; path = RandomAppTests.xctest; sourceTree = BUILT_PRODUCTS_DIR; };
		FF4DB64A1D8C0D3D00424759 /* RandomAppTests.swift */ = {isa = PBXFileReference; lastKnownFileType = sourcecode.swift; path = RandomAppTests.swift; sourceTree = "<group>"; };
		FF4DB64C1D8C0D3D00424759 /* Info.plist */ = {isa = PBXFileReference; lastKnownFileType = text.plist.xml; path = Info.plist; sourceTree = "<group>"; };
		FF4DB6731D8C0FF200424759 /* Assets.xcassets */ = {isa = PBXFileReference; lastKnownFileType = folder.assetcatalog; path = Assets.xcassets; sourceTree = "<group>"; };
		FF4DB6831D8C0FF200424759 /* Info.plist */ = {isa = PBXFileReference; fileEncoding = 4; lastKnownFileType = text.plist.xml; path = Info.plist; sourceTree = "<group>"; };
		FF7408621D93D0A400DD2E1E /* ImageCache.swift */ = {isa = PBXFileReference; fileEncoding = 4; lastKnownFileType = sourcecode.swift; path = ImageCache.swift; sourceTree = "<group>"; };
		FF7408641D93D13F00DD2E1E /* ImageCacheProvider.swift */ = {isa = PBXFileReference; fileEncoding = 4; lastKnownFileType = sourcecode.swift; path = ImageCacheProvider.swift; sourceTree = "<group>"; };
		FF784BE31D910EA800C90DA6 /* AppDelegate.swift */ = {isa = PBXFileReference; fileEncoding = 4; lastKnownFileType = sourcecode.swift; path = AppDelegate.swift; sourceTree = "<group>"; };
		FF784BE61D910EA800C90DA6 /* AppCoordinator.swift */ = {isa = PBXFileReference; fileEncoding = 4; lastKnownFileType = sourcecode.swift; path = AppCoordinator.swift; sourceTree = "<group>"; };
		FF784BE81D910EA800C90DA6 /* FriendsListCoordinator.swift */ = {isa = PBXFileReference; fileEncoding = 4; lastKnownFileType = sourcecode.swift; path = FriendsListCoordinator.swift; sourceTree = "<group>"; };
		FF784BF11D910EA800C90DA6 /* LaunchScreen.storyboard */ = {isa = PBXFileReference; fileEncoding = 4; lastKnownFileType = file.storyboard; path = LaunchScreen.storyboard; sourceTree = "<group>"; };
		FF784BFC1D91252C00C90DA6 /* CoordinatorsProtocols.swift */ = {isa = PBXFileReference; fileEncoding = 4; lastKnownFileType = sourcecode.swift; path = CoordinatorsProtocols.swift; sourceTree = "<group>"; };
		FF784C111D91944600C90DA6 /* FriendCellViewModel.swift */ = {isa = PBXFileReference; fileEncoding = 4; lastKnownFileType = sourcecode.swift; path = FriendCellViewModel.swift; sourceTree = "<group>"; };
		FF784C121D91944600C90DA6 /* FriendsListDefaultViewModel.swift */ = {isa = PBXFileReference; fileEncoding = 4; lastKnownFileType = sourcecode.swift; path = FriendsListDefaultViewModel.swift; sourceTree = "<group>"; };
		FF784C131D91944600C90DA6 /* FriendsListViewController.swift */ = {isa = PBXFileReference; fileEncoding = 4; lastKnownFileType = sourcecode.swift; path = FriendsListViewController.swift; sourceTree = "<group>"; };
		FF784C141D91944600C90DA6 /* FriendsListViewModel.swift */ = {isa = PBXFileReference; fileEncoding = 4; lastKnownFileType = sourcecode.swift; path = FriendsListViewModel.swift; sourceTree = "<group>"; };
		FF8602281D92D8F60037E690 /* ServicesFactory.swift */ = {isa = PBXFileReference; fileEncoding = 4; lastKnownFileType = sourcecode.swift; path = ServicesFactory.swift; sourceTree = "<group>"; };
		FF86022B1D92FC9A0037E690 /* AvatarImageView.swift */ = {isa = PBXFileReference; fileEncoding = 4; lastKnownFileType = sourcecode.swift; path = AvatarImageView.swift; sourceTree = "<group>"; };
		FFD7E9811DAE94F000DA8761 /* RealmMappedCollection.swift */ = {isa = PBXFileReference; fileEncoding = 4; lastKnownFileType = sourcecode.swift; path = RealmMappedCollection.swift; sourceTree = "<group>"; };
		FFD7E9831DAEA16000DA8761 /* RealmIdentifiable.swift */ = {isa = PBXFileReference; fileEncoding = 4; lastKnownFileType = sourcecode.swift; path = RealmIdentifiable.swift; sourceTree = "<group>"; };
		FFEDDBC41D9EBC7900205C3F /* Dispatch.swift */ = {isa = PBXFileReference; fileEncoding = 4; lastKnownFileType = sourcecode.swift; path = Dispatch.swift; sourceTree = "<group>"; };
		FFF178B11D999E8000FA5E08 /* RealmFactory.swift */ = {isa = PBXFileReference; fileEncoding = 4; lastKnownFileType = sourcecode.swift; path = RealmFactory.swift; sourceTree = "<group>"; };
		FFF178B31D999E8D00FA5E08 /* RealmGateway.swift */ = {isa = PBXFileReference; fileEncoding = 4; lastKnownFileType = sourcecode.swift; path = RealmGateway.swift; sourceTree = "<group>"; };
		FFF178B51D999E9700FA5E08 /* RealmGatewayProvider.swift */ = {isa = PBXFileReference; fileEncoding = 4; lastKnownFileType = sourcecode.swift; path = RealmGatewayProvider.swift; sourceTree = "<group>"; };
		FFF4A6D21D92875E0036E6C2 /* NetworkRequest.swift */ = {isa = PBXFileReference; fileEncoding = 4; lastKnownFileType = sourcecode.swift; path = NetworkRequest.swift; sourceTree = "<group>"; };
		FFF4A6D41D92887F0036E6C2 /* NetworkProvider.swift */ = {isa = PBXFileReference; fileEncoding = 4; lastKnownFileType = sourcecode.swift; path = NetworkProvider.swift; sourceTree = "<group>"; };
		FFF4A6D61D928DDE0036E6C2 /* API.swift */ = {isa = PBXFileReference; fileEncoding = 4; lastKnownFileType = sourcecode.swift; path = API.swift; sourceTree = "<group>"; };
		FFF4A6D81D928DEA0036E6C2 /* APIProvider.swift */ = {isa = PBXFileReference; fileEncoding = 4; lastKnownFileType = sourcecode.swift; path = APIProvider.swift; sourceTree = "<group>"; };
		FFF4A6DC1D928FBE0036E6C2 /* RequestFactory.swift */ = {isa = PBXFileReference; fileEncoding = 4; lastKnownFileType = sourcecode.swift; path = RequestFactory.swift; sourceTree = "<group>"; };
		FFF777AA1D95074B002EDDB4 /* UniqueCell.swift */ = {isa = PBXFileReference; fileEncoding = 4; lastKnownFileType = sourcecode.swift; path = UniqueCell.swift; sourceTree = "<group>"; };
		FFF777AC1D950F00002EDDB4 /* ImageProvider.swift */ = {isa = PBXFileReference; fileEncoding = 4; lastKnownFileType = sourcecode.swift; path = ImageProvider.swift; sourceTree = "<group>"; };
		FFF777AE1D952197002EDDB4 /* UIViewController+Extensions.swift */ = {isa = PBXFileReference; fileEncoding = 4; lastKnownFileType = sourcecode.swift; path = "UIViewController+Extensions.swift"; sourceTree = "<group>"; };
		FFF777B11D95A213002EDDB4 /* FriendDetailsViewController.swift */ = {isa = PBXFileReference; fileEncoding = 4; lastKnownFileType = sourcecode.swift; path = FriendDetailsViewController.swift; sourceTree = "<group>"; };
		FFF777B31D95A6D2002EDDB4 /* FriendDetailsViewModel.swift */ = {isa = PBXFileReference; fileEncoding = 4; lastKnownFileType = sourcecode.swift; path = FriendDetailsViewModel.swift; sourceTree = "<group>"; };
		FFF777B51D95A6E5002EDDB4 /* FriendDetailsDefaultViewModel.swift */ = {isa = PBXFileReference; fileEncoding = 4; lastKnownFileType = sourcecode.swift; path = FriendDetailsDefaultViewModel.swift; sourceTree = "<group>"; };
		FFF777B81D95A8D0002EDDB4 /* StringFormatter.swift */ = {isa = PBXFileReference; fileEncoding = 4; lastKnownFileType = sourcecode.swift; path = StringFormatter.swift; sourceTree = "<group>"; };
/* End PBXFileReference section */

/* Begin PBXFrameworksBuildPhase section */
		FF4DB62F1D8C0D3D00424759 /* Frameworks */ = {
			isa = PBXFrameworksBuildPhase;
			buildActionMask = 2147483647;
			files = (
				F480E4B72578C225FDA5B2C9 /* Pods_RandomApp.framework in Frameworks */,
			);
			runOnlyForDeploymentPostprocessing = 0;
		};
		FF4DB6431D8C0D3D00424759 /* Frameworks */ = {
			isa = PBXFrameworksBuildPhase;
			buildActionMask = 2147483647;
			files = (
				C137DD5A0E6DD962DCAA72DB /* Pods_RandomAppTests.framework in Frameworks */,
			);
			runOnlyForDeploymentPostprocessing = 0;
		};
/* End PBXFrameworksBuildPhase section */

/* Begin PBXGroup section */
		62052A39A9F9DC3574400022 /* Frameworks */ = {
			isa = PBXGroup;
			children = (
				20DDA48069A91BBA50DF25EB /* Pods_RandomApp.framework */,
				5DD8DF91FE162490C0B7AEF5 /* Pods_RandomAppTests.framework */,
			);
			name = Frameworks;
			sourceTree = "<group>";
		};
		C0FC121F714C674CAEB98CFC /* Pods */ = {
			isa = PBXGroup;
			children = (
				D6055EF0F663E9EF0D866C12 /* Pods-RandomApp.debug.xcconfig */,
				47B6E67E5B90A4D9681BE792 /* Pods-RandomApp.release.xcconfig */,
				9C101055E078B50F3AA494C9 /* Pods-RandomAppTests.debug.xcconfig */,
				2CC8DFCE75EC9CECDA37B27D /* Pods-RandomAppTests.release.xcconfig */,
			);
			name = Pods;
			sourceTree = "<group>";
		};
		FF2B27BB1D92847400C552F3 /* Network */ = {
			isa = PBXGroup;
			children = (
				FF2B27BD1D9284A100C552F3 /* Network.swift */,
				FFF4A6D41D92887F0036E6C2 /* NetworkProvider.swift */,
				FFF4A6D21D92875E0036E6C2 /* NetworkRequest.swift */,
				FFF4A6DC1D928FBE0036E6C2 /* RequestFactory.swift */,
			);
			path = Network;
			sourceTree = "<group>";
		};
		FF2B27BC1D92848100C552F3 /* API */ = {
			isa = PBXGroup;
			children = (
				FFF4A6D61D928DDE0036E6C2 /* API.swift */,
				FFF4A6D81D928DEA0036E6C2 /* APIProvider.swift */,
			);
			path = API;
			sourceTree = "<group>";
		};
		FF4DB6291D8C0D3D00424759 = {
			isa = PBXGroup;
			children = (
				FF4DB6341D8C0D3D00424759 /* RandomApp */,
				FF4DB6821D8C0FF200424759 /* Supporting Files */,
				FF4DB6721D8C0FF200424759 /* Resources */,
				FF4DB6491D8C0D3D00424759 /* RandomAppTests */,
				FF4DB6331D8C0D3D00424759 /* Products */,
				C0FC121F714C674CAEB98CFC /* Pods */,
				62052A39A9F9DC3574400022 /* Frameworks */,
			);
			sourceTree = "<group>";
		};
		FF4DB6331D8C0D3D00424759 /* Products */ = {
			isa = PBXGroup;
			children = (
				FF4DB6321D8C0D3D00424759 /* RandomApp.app */,
				FF4DB6461D8C0D3D00424759 /* RandomAppTests.xctest */,
			);
			name = Products;
			sourceTree = "<group>";
		};
		FF4DB6341D8C0D3D00424759 /* RandomApp */ = {
			isa = PBXGroup;
			children = (
				FF784BE21D910EA800C90DA6 /* Sources */,
			);
			path = RandomApp;
			sourceTree = "<group>";
		};
		FF4DB6491D8C0D3D00424759 /* RandomAppTests */ = {
			isa = PBXGroup;
			children = (
				FF4DB64A1D8C0D3D00424759 /* RandomAppTests.swift */,
				FF4DB64C1D8C0D3D00424759 /* Info.plist */,
			);
			path = RandomAppTests;
			sourceTree = "<group>";
		};
		FF4DB6721D8C0FF200424759 /* Resources */ = {
			isa = PBXGroup;
			children = (
				FF4DB6731D8C0FF200424759 /* Assets.xcassets */,
			);
			name = Resources;
			path = RandomApp/Resources;
			sourceTree = "<group>";
		};
		FF4DB6821D8C0FF200424759 /* Supporting Files */ = {
			isa = PBXGroup;
			children = (
				FF4DB6831D8C0FF200424759 /* Info.plist */,
			);
			name = "Supporting Files";
			path = "RandomApp/Supporting Files";
			sourceTree = "<group>";
		};
		FF7408611D93D08C00DD2E1E /* ImageCache */ = {
			isa = PBXGroup;
			children = (
				FF7408621D93D0A400DD2E1E /* ImageCache.swift */,
				FF7408641D93D13F00DD2E1E /* ImageCacheProvider.swift */,
				FFF777AC1D950F00002EDDB4 /* ImageProvider.swift */,
			);
			path = ImageCache;
			sourceTree = "<group>";
		};
		FF784BE21D910EA800C90DA6 /* Sources */ = {
			isa = PBXGroup;
			children = (
				FF784BE31D910EA800C90DA6 /* AppDelegate.swift */,
				FF784BE41D910EA800C90DA6 /* Classes */,
			);
			path = Sources;
			sourceTree = "<group>";
		};
		FF784BE41D910EA800C90DA6 /* Classes */ = {
			isa = PBXGroup;
			children = (
				FF784BF91D91158100C90DA6 /* Protocols */,
				FF784BE51D910EA800C90DA6 /* Coordinators */,
				FF784BE91D910EA800C90DA6 /* Extensions */,
				FF784BEA1D910EA800C90DA6 /* Models */,
				FF784BEB1D910EA800C90DA6 /* Services */,
				FF784BEC1D910EA800C90DA6 /* Vendor */,
				FF784BED1D910EA800C90DA6 /* ViewControllers */,
				FF784BF01D910EA800C90DA6 /* Views */,
			);
			path = Classes;
			sourceTree = "<group>";
		};
		FF784BE51D910EA800C90DA6 /* Coordinators */ = {
			isa = PBXGroup;
			children = (
				FF784BE61D910EA800C90DA6 /* AppCoordinator.swift */,
				FF784BE81D910EA800C90DA6 /* FriendsListCoordinator.swift */,
			);
			path = Coordinators;
			sourceTree = "<group>";
		};
		FF784BE91D910EA800C90DA6 /* Extensions */ = {
			isa = PBXGroup;
			children = (
				FF2B27A91D91988B00C552F3 /* UITableViewCell+Extensions.swift */,
				FFF777AE1D952197002EDDB4 /* UIViewController+Extensions.swift */,
			);
			path = Extensions;
			sourceTree = "<group>";
		};
		FF784BEA1D910EA800C90DA6 /* Models */ = {
			isa = PBXGroup;
			children = (
				FF2B27B91D927EC100C552F3 /* Friend.swift */,
			);
			path = Models;
			sourceTree = "<group>";
		};
		FF784BEB1D910EA800C90DA6 /* Services */ = {
			isa = PBXGroup;
			children = (
				FFEDDBC31D9EBC6300205C3F /* Dispatch */,
				FFF178B01D999DCF00FA5E08 /* Store */,
				FFF777B71D95A8B3002EDDB4 /* StringFormatter */,
				FF7408611D93D08C00DD2E1E /* ImageCache */,
				FF2B27BC1D92848100C552F3 /* API */,
				FF2B27BB1D92847400C552F3 /* Network */,
				FF8602281D92D8F60037E690 /* ServicesFactory.swift */,
			);
			path = Services;
			sourceTree = "<group>";
		};
		FF784BEC1D910EA800C90DA6 /* Vendor */ = {
			isa = PBXGroup;
			children = (
			);
			path = Vendor;
			sourceTree = "<group>";
		};
		FF784BED1D910EA800C90DA6 /* ViewControllers */ = {
			isa = PBXGroup;
			children = (
				FFF777B01D95A1F4002EDDB4 /* FriendDetails */,
				FF784C041D9193C900C90DA6 /* FriendsList */,
			);
			path = ViewControllers;
			sourceTree = "<group>";
		};
		FF784BF01D910EA800C90DA6 /* Views */ = {
			isa = PBXGroup;
			children = (
				FF86022A1D92FC840037E690 /* AvatarImageView */,
				FF784BF11D910EA800C90DA6 /* LaunchScreen.storyboard */,
			);
			path = Views;
			sourceTree = "<group>";
		};
		FF784BF91D91158100C90DA6 /* Protocols */ = {
			isa = PBXGroup;
			children = (
				FF784BFC1D91252C00C90DA6 /* CoordinatorsProtocols.swift */,
				FF2B27A51D91982800C552F3 /* CellRepresentable.swift */,
				FF2B27A71D91986300C552F3 /* CellIdentifiable.swift */,
				FFF777AA1D95074B002EDDB4 /* UniqueCell.swift */,
			);
			path = Protocols;
			sourceTree = "<group>";
		};
		FF784C041D9193C900C90DA6 /* FriendsList */ = {
			isa = PBXGroup;
			children = (
				FF784C101D91944600C90DA6 /* Cell */,
				FF784C131D91944600C90DA6 /* FriendsListViewController.swift */,
				FF784C141D91944600C90DA6 /* FriendsListViewModel.swift */,
				FF784C121D91944600C90DA6 /* FriendsListDefaultViewModel.swift */,
			);
			path = FriendsList;
			sourceTree = "<group>";
		};
		FF784C101D91944600C90DA6 /* Cell */ = {
			isa = PBXGroup;
			children = (
				FF2B27A31D91980000C552F3 /* FriendCell.swift */,
				FF2B27B61D927D9200C552F3 /* FriendCell.xib */,
				FF784C111D91944600C90DA6 /* FriendCellViewModel.swift */,
				FF2B27AF1D92793B00C552F3 /* FriendCellDefaultViewModel.swift */,
			);
			path = Cell;
			sourceTree = "<group>";
		};
		FF86022A1D92FC840037E690 /* AvatarImageView */ = {
			isa = PBXGroup;
			children = (
				FF86022B1D92FC9A0037E690 /* AvatarImageView.swift */,
			);
			path = AvatarImageView;
			sourceTree = "<group>";
		};
		FFEDDBC31D9EBC6300205C3F /* Dispatch */ = {
			isa = PBXGroup;
			children = (
				FFEDDBC41D9EBC7900205C3F /* Dispatch.swift */,
			);
			path = Dispatch;
			sourceTree = "<group>";
		};
		FFF178B01D999DCF00FA5E08 /* Store */ = {
			isa = PBXGroup;
			children = (
				FFF178B11D999E8000FA5E08 /* RealmFactory.swift */,
				FFF178B31D999E8D00FA5E08 /* RealmGateway.swift */,
				FFF178B51D999E9700FA5E08 /* RealmGatewayProvider.swift */,
				FFD7E9811DAE94F000DA8761 /* RealmMappedCollection.swift */,
				FFD7E9831DAEA16000DA8761 /* RealmIdentifiable.swift */,
			);
			path = Store;
			sourceTree = "<group>";
		};
		FFF777B01D95A1F4002EDDB4 /* FriendDetails */ = {
			isa = PBXGroup;
			children = (
				FFF777B11D95A213002EDDB4 /* FriendDetailsViewController.swift */,
				FFF777B31D95A6D2002EDDB4 /* FriendDetailsViewModel.swift */,
				FFF777B51D95A6E5002EDDB4 /* FriendDetailsDefaultViewModel.swift */,
			);
			path = FriendDetails;
			sourceTree = "<group>";
		};
		FFF777B71D95A8B3002EDDB4 /* StringFormatter */ = {
			isa = PBXGroup;
			children = (
				FFF777B81D95A8D0002EDDB4 /* StringFormatter.swift */,
			);
			path = StringFormatter;
			sourceTree = "<group>";
		};
/* End PBXGroup section */

/* Begin PBXNativeTarget section */
		FF4DB6311D8C0D3D00424759 /* RandomApp */ = {
			isa = PBXNativeTarget;
			buildConfigurationList = FF4DB64F1D8C0D3D00424759 /* Build configuration list for PBXNativeTarget "RandomApp" */;
			buildPhases = (
				8FCC9FA56E8D68D5B7882D95 /* [CP] Check Pods Manifest.lock */,
				FF4DB62E1D8C0D3D00424759 /* Sources */,
				FF4DB62F1D8C0D3D00424759 /* Frameworks */,
				FF4DB6301D8C0D3D00424759 /* Resources */,
				E55414519B48EE47B6AF0253 /* [CP] Embed Pods Frameworks */,
				DF7821CC03F36707DB85402F /* [CP] Copy Pods Resources */,
				FF4DB6551D8C0DC300424759 /* Swiftlint */,
			);
			buildRules = (
			);
			dependencies = (
			);
			name = RandomApp;
			productName = RandomApp;
			productReference = FF4DB6321D8C0D3D00424759 /* RandomApp.app */;
			productType = "com.apple.product-type.application";
		};
		FF4DB6451D8C0D3D00424759 /* RandomAppTests */ = {
			isa = PBXNativeTarget;
			buildConfigurationList = FF4DB6521D8C0D3D00424759 /* Build configuration list for PBXNativeTarget "RandomAppTests" */;
			buildPhases = (
				42C286175FB808493F68BFBE /* [CP] Check Pods Manifest.lock */,
				FF4DB6421D8C0D3D00424759 /* Sources */,
				FF4DB6431D8C0D3D00424759 /* Frameworks */,
				FF4DB6441D8C0D3D00424759 /* Resources */,
				80C8396DA9315261D8DBA26D /* [CP] Embed Pods Frameworks */,
				61E4F2F2C77E9693CB445BF1 /* [CP] Copy Pods Resources */,
			);
			buildRules = (
			);
			dependencies = (
				FF4DB6481D8C0D3D00424759 /* PBXTargetDependency */,
			);
			name = RandomAppTests;
			productName = RandomAppTests;
			productReference = FF4DB6461D8C0D3D00424759 /* RandomAppTests.xctest */;
			productType = "com.apple.product-type.bundle.unit-test";
		};
/* End PBXNativeTarget section */

/* Begin PBXProject section */
		FF4DB62A1D8C0D3D00424759 /* Project object */ = {
			isa = PBXProject;
			attributes = {
				LastSwiftUpdateCheck = 0800;
				LastUpgradeCheck = 0800;
				ORGANIZATIONNAME = Jengu;
				TargetAttributes = {
					FF4DB6311D8C0D3D00424759 = {
						CreatedOnToolsVersion = 8.0;
						DevelopmentTeam = H396YQCF4V;
						LastSwiftMigration = 0800;
						ProvisioningStyle = Automatic;
					};
					FF4DB6451D8C0D3D00424759 = {
						CreatedOnToolsVersion = 8.0;
						DevelopmentTeam = H396YQCF4V;
						ProvisioningStyle = Automatic;
						TestTargetID = FF4DB6311D8C0D3D00424759;
					};
				};
			};
			buildConfigurationList = FF4DB62D1D8C0D3D00424759 /* Build configuration list for PBXProject "RandomApp" */;
			compatibilityVersion = "Xcode 3.2";
			developmentRegion = English;
			hasScannedForEncodings = 0;
			knownRegions = (
				en,
				Base,
			);
			mainGroup = FF4DB6291D8C0D3D00424759;
			productRefGroup = FF4DB6331D8C0D3D00424759 /* Products */;
			projectDirPath = "";
			projectRoot = "";
			targets = (
				FF4DB6311D8C0D3D00424759 /* RandomApp */,
				FF4DB6451D8C0D3D00424759 /* RandomAppTests */,
			);
		};
/* End PBXProject section */

/* Begin PBXResourcesBuildPhase section */
		FF4DB6301D8C0D3D00424759 /* Resources */ = {
			isa = PBXResourcesBuildPhase;
			buildActionMask = 2147483647;
			files = (
				FF4DB6841D8C0FF200424759 /* Assets.xcassets in Resources */,
				FF2B27B81D927D9200C552F3 /* FriendCell.xib in Resources */,
				FF784BF81D910EA800C90DA6 /* LaunchScreen.storyboard in Resources */,
			);
			runOnlyForDeploymentPostprocessing = 0;
		};
		FF4DB6441D8C0D3D00424759 /* Resources */ = {
			isa = PBXResourcesBuildPhase;
			buildActionMask = 2147483647;
			files = (
			);
			runOnlyForDeploymentPostprocessing = 0;
		};
/* End PBXResourcesBuildPhase section */

/* Begin PBXShellScriptBuildPhase section */
		42C286175FB808493F68BFBE /* [CP] Check Pods Manifest.lock */ = {
			isa = PBXShellScriptBuildPhase;
			buildActionMask = 2147483647;
			files = (
			);
			inputPaths = (
			);
			name = "[CP] Check Pods Manifest.lock";
			outputPaths = (
			);
			runOnlyForDeploymentPostprocessing = 0;
			shellPath = /bin/sh;
			shellScript = "diff \"${PODS_ROOT}/../Podfile.lock\" \"${PODS_ROOT}/Manifest.lock\" > /dev/null\nif [ $? != 0 ] ; then\n    # print error to STDERR\n    echo \"error: The sandbox is not in sync with the Podfile.lock. Run 'pod install' or update your CocoaPods installation.\" >&2\n    exit 1\nfi\n";
			showEnvVarsInLog = 0;
		};
		61E4F2F2C77E9693CB445BF1 /* [CP] Copy Pods Resources */ = {
			isa = PBXShellScriptBuildPhase;
			buildActionMask = 2147483647;
			files = (
			);
			inputPaths = (
			);
			name = "[CP] Copy Pods Resources";
			outputPaths = (
			);
			runOnlyForDeploymentPostprocessing = 0;
			shellPath = /bin/sh;
			shellScript = "\"${SRCROOT}/Pods/Target Support Files/Pods-RandomAppTests/Pods-RandomAppTests-resources.sh\"\n";
			showEnvVarsInLog = 0;
		};
		80C8396DA9315261D8DBA26D /* [CP] Embed Pods Frameworks */ = {
			isa = PBXShellScriptBuildPhase;
			buildActionMask = 2147483647;
			files = (
			);
			inputPaths = (
			);
			name = "[CP] Embed Pods Frameworks";
			outputPaths = (
			);
			runOnlyForDeploymentPostprocessing = 0;
			shellPath = /bin/sh;
			shellScript = "\"${SRCROOT}/Pods/Target Support Files/Pods-RandomAppTests/Pods-RandomAppTests-frameworks.sh\"\n";
			showEnvVarsInLog = 0;
		};
		8FCC9FA56E8D68D5B7882D95 /* [CP] Check Pods Manifest.lock */ = {
			isa = PBXShellScriptBuildPhase;
			buildActionMask = 2147483647;
			files = (
			);
			inputPaths = (
			);
			name = "[CP] Check Pods Manifest.lock";
			outputPaths = (
			);
			runOnlyForDeploymentPostprocessing = 0;
			shellPath = /bin/sh;
			shellScript = "diff \"${PODS_ROOT}/../Podfile.lock\" \"${PODS_ROOT}/Manifest.lock\" > /dev/null\nif [ $? != 0 ] ; then\n    # print error to STDERR\n    echo \"error: The sandbox is not in sync with the Podfile.lock. Run 'pod install' or update your CocoaPods installation.\" >&2\n    exit 1\nfi\n";
			showEnvVarsInLog = 0;
		};
		DF7821CC03F36707DB85402F /* [CP] Copy Pods Resources */ = {
			isa = PBXShellScriptBuildPhase;
			buildActionMask = 2147483647;
			files = (
			);
			inputPaths = (
			);
			name = "[CP] Copy Pods Resources";
			outputPaths = (
			);
			runOnlyForDeploymentPostprocessing = 0;
			shellPath = /bin/sh;
			shellScript = "\"${SRCROOT}/Pods/Target Support Files/Pods-RandomApp/Pods-RandomApp-resources.sh\"\n";
			showEnvVarsInLog = 0;
		};
		E55414519B48EE47B6AF0253 /* [CP] Embed Pods Frameworks */ = {
			isa = PBXShellScriptBuildPhase;
			buildActionMask = 2147483647;
			files = (
			);
			inputPaths = (
			);
			name = "[CP] Embed Pods Frameworks";
			outputPaths = (
			);
			runOnlyForDeploymentPostprocessing = 0;
			shellPath = /bin/sh;
			shellScript = "\"${SRCROOT}/Pods/Target Support Files/Pods-RandomApp/Pods-RandomApp-frameworks.sh\"\n";
			showEnvVarsInLog = 0;
		};
		FF4DB6551D8C0DC300424759 /* Swiftlint */ = {
			isa = PBXShellScriptBuildPhase;
			buildActionMask = 2147483647;
			files = (
			);
			inputPaths = (
			);
			name = Swiftlint;
			outputPaths = (
			);
			runOnlyForDeploymentPostprocessing = 0;
			shellPath = /bin/sh;
			shellScript = "if which swiftlint >/dev/null; then\nswiftlint\nelse\necho \"warning: SwiftLint not installed, download from https://github.com/realm/SwiftLint\"\nfi\n";
		};
/* End PBXShellScriptBuildPhase section */

/* Begin PBXSourcesBuildPhase section */
		FF4DB62E1D8C0D3D00424759 /* Sources */ = {
			isa = PBXSourcesBuildPhase;
			buildActionMask = 2147483647;
			files = (
				FFF178B41D999E8D00FA5E08 /* RealmGateway.swift in Sources */,
				FFF4A6DD1D928FBE0036E6C2 /* RequestFactory.swift in Sources */,
				FF7408651D93D13F00DD2E1E /* ImageCacheProvider.swift in Sources */,
				FFF4A6D71D928DDF0036E6C2 /* API.swift in Sources */,
				FFF777B21D95A213002EDDB4 /* FriendDetailsViewController.swift in Sources */,
				FF2B27A81D91986300C552F3 /* CellIdentifiable.swift in Sources */,
				FF2B27A41D91980000C552F3 /* FriendCell.swift in Sources */,
				FF8602291D92D8F60037E690 /* ServicesFactory.swift in Sources */,
				FF784C191D91944600C90DA6 /* FriendsListViewController.swift in Sources */,
				FF784C1A1D91944600C90DA6 /* FriendsListViewModel.swift in Sources */,
				FF784BFD1D91252C00C90DA6 /* CoordinatorsProtocols.swift in Sources */,
				FFF178B21D999E8000FA5E08 /* RealmFactory.swift in Sources */,
				FF2B27BA1D927EC100C552F3 /* Friend.swift in Sources */,
				FFF777AD1D950F00002EDDB4 /* ImageProvider.swift in Sources */,
				FF86022C1D92FC9A0037E690 /* AvatarImageView.swift in Sources */,
				FF784BF31D910EA800C90DA6 /* AppCoordinator.swift in Sources */,
				FFD7E9821DAE94F000DA8761 /* RealmMappedCollection.swift in Sources */,
				FFF178B61D999E9700FA5E08 /* RealmGatewayProvider.swift in Sources */,
				FF784BF51D910EA800C90DA6 /* FriendsListCoordinator.swift in Sources */,
				FF7408631D93D0A400DD2E1E /* ImageCache.swift in Sources */,
				FF2B27AA1D91988B00C552F3 /* UITableViewCell+Extensions.swift in Sources */,
				FF2B27BE1D9284A100C552F3 /* Network.swift in Sources */,
				FF2B27B01D92793B00C552F3 /* FriendCellDefaultViewModel.swift in Sources */,
				FFF777B61D95A6E5002EDDB4 /* FriendDetailsDefaultViewModel.swift in Sources */,
				FFF4A6D51D92887F0036E6C2 /* NetworkProvider.swift in Sources */,
				FFD7E9841DAEA16000DA8761 /* RealmIdentifiable.swift in Sources */,
				FFF4A6D31D92875E0036E6C2 /* NetworkRequest.swift in Sources */,
				FF784C171D91944600C90DA6 /* FriendCellViewModel.swift in Sources */,
				FF784BF21D910EA800C90DA6 /* AppDelegate.swift in Sources */,
				FFF4A6D91D928DEA0036E6C2 /* APIProvider.swift in Sources */,
				FF2B27A61D91982800C552F3 /* CellRepresentable.swift in Sources */,
				FFF777AB1D95074B002EDDB4 /* UniqueCell.swift in Sources */,
				FFF777B41D95A6D2002EDDB4 /* FriendDetailsViewModel.swift in Sources */,
				FF784C181D91944600C90DA6 /* FriendsListDefaultViewModel.swift in Sources */,
				FFF777B91D95A8D0002EDDB4 /* StringFormatter.swift in Sources */,
				FFEDDBC51D9EBC7900205C3F /* Dispatch.swift in Sources */,
				FFF777AF1D952197002EDDB4 /* UIViewController+Extensions.swift in Sources */,
			);
			runOnlyForDeploymentPostprocessing = 0;
		};
		FF4DB6421D8C0D3D00424759 /* Sources */ = {
			isa = PBXSourcesBuildPhase;
			buildActionMask = 2147483647;
			files = (
				FF4DB64B1D8C0D3D00424759 /* RandomAppTests.swift in Sources */,
			);
			runOnlyForDeploymentPostprocessing = 0;
		};
/* End PBXSourcesBuildPhase section */

/* Begin PBXTargetDependency section */
		FF4DB6481D8C0D3D00424759 /* PBXTargetDependency */ = {
			isa = PBXTargetDependency;
			target = FF4DB6311D8C0D3D00424759 /* RandomApp */;
			targetProxy = FF4DB6471D8C0D3D00424759 /* PBXContainerItemProxy */;
		};
/* End PBXTargetDependency section */

/* Begin XCBuildConfiguration section */
		FF4DB64D1D8C0D3D00424759 /* Debug */ = {
			isa = XCBuildConfiguration;
			buildSettings = {
				ALWAYS_SEARCH_USER_PATHS = NO;
				CLANG_ANALYZER_NONNULL = YES;
				CLANG_CXX_LANGUAGE_STANDARD = "gnu++0x";
				CLANG_CXX_LIBRARY = "libc++";
				CLANG_ENABLE_MODULES = YES;
				CLANG_ENABLE_OBJC_ARC = YES;
				CLANG_WARN_BOOL_CONVERSION = YES;
				CLANG_WARN_CONSTANT_CONVERSION = YES;
				CLANG_WARN_DIRECT_OBJC_ISA_USAGE = YES_ERROR;
				CLANG_WARN_DOCUMENTATION_COMMENTS = YES;
				CLANG_WARN_EMPTY_BODY = YES;
				CLANG_WARN_ENUM_CONVERSION = YES;
				CLANG_WARN_INFINITE_RECURSION = YES;
				CLANG_WARN_INT_CONVERSION = YES;
				CLANG_WARN_OBJC_ROOT_CLASS = YES_ERROR;
				CLANG_WARN_SUSPICIOUS_MOVES = YES;
				CLANG_WARN_UNREACHABLE_CODE = YES;
				CLANG_WARN__DUPLICATE_METHOD_MATCH = YES;
				"CODE_SIGN_IDENTITY[sdk=iphoneos*]" = "iPhone Developer";
				COPY_PHASE_STRIP = NO;
				DEBUG_INFORMATION_FORMAT = dwarf;
				ENABLE_STRICT_OBJC_MSGSEND = YES;
				ENABLE_TESTABILITY = YES;
				GCC_C_LANGUAGE_STANDARD = gnu99;
				GCC_DYNAMIC_NO_PIC = NO;
				GCC_NO_COMMON_BLOCKS = YES;
				GCC_OPTIMIZATION_LEVEL = 0;
				GCC_PREPROCESSOR_DEFINITIONS = (
					"DEBUG=1",
					"$(inherited)",
				);
				GCC_WARN_64_TO_32_BIT_CONVERSION = YES;
				GCC_WARN_ABOUT_RETURN_TYPE = YES_ERROR;
				GCC_WARN_UNDECLARED_SELECTOR = YES;
				GCC_WARN_UNINITIALIZED_AUTOS = YES_AGGRESSIVE;
				GCC_WARN_UNUSED_FUNCTION = YES;
				GCC_WARN_UNUSED_VARIABLE = YES;
				IPHONEOS_DEPLOYMENT_TARGET = 10.0;
				MTL_ENABLE_DEBUG_INFO = YES;
				ONLY_ACTIVE_ARCH = YES;
				SDKROOT = iphoneos;
				SWIFT_ACTIVE_COMPILATION_CONDITIONS = DEBUG;
				SWIFT_OPTIMIZATION_LEVEL = "-Onone";
			};
			name = Debug;
		};
		FF4DB64E1D8C0D3D00424759 /* Release */ = {
			isa = XCBuildConfiguration;
			buildSettings = {
				ALWAYS_SEARCH_USER_PATHS = NO;
				CLANG_ANALYZER_NONNULL = YES;
				CLANG_CXX_LANGUAGE_STANDARD = "gnu++0x";
				CLANG_CXX_LIBRARY = "libc++";
				CLANG_ENABLE_MODULES = YES;
				CLANG_ENABLE_OBJC_ARC = YES;
				CLANG_WARN_BOOL_CONVERSION = YES;
				CLANG_WARN_CONSTANT_CONVERSION = YES;
				CLANG_WARN_DIRECT_OBJC_ISA_USAGE = YES_ERROR;
				CLANG_WARN_DOCUMENTATION_COMMENTS = YES;
				CLANG_WARN_EMPTY_BODY = YES;
				CLANG_WARN_ENUM_CONVERSION = YES;
				CLANG_WARN_INFINITE_RECURSION = YES;
				CLANG_WARN_INT_CONVERSION = YES;
				CLANG_WARN_OBJC_ROOT_CLASS = YES_ERROR;
				CLANG_WARN_SUSPICIOUS_MOVES = YES;
				CLANG_WARN_UNREACHABLE_CODE = YES;
				CLANG_WARN__DUPLICATE_METHOD_MATCH = YES;
				"CODE_SIGN_IDENTITY[sdk=iphoneos*]" = "iPhone Developer";
				COPY_PHASE_STRIP = NO;
				DEBUG_INFORMATION_FORMAT = "dwarf-with-dsym";
				ENABLE_NS_ASSERTIONS = NO;
				ENABLE_STRICT_OBJC_MSGSEND = YES;
				GCC_C_LANGUAGE_STANDARD = gnu99;
				GCC_NO_COMMON_BLOCKS = YES;
				GCC_WARN_64_TO_32_BIT_CONVERSION = YES;
				GCC_WARN_ABOUT_RETURN_TYPE = YES_ERROR;
				GCC_WARN_UNDECLARED_SELECTOR = YES;
				GCC_WARN_UNINITIALIZED_AUTOS = YES_AGGRESSIVE;
				GCC_WARN_UNUSED_FUNCTION = YES;
				GCC_WARN_UNUSED_VARIABLE = YES;
				IPHONEOS_DEPLOYMENT_TARGET = 10.0;
				MTL_ENABLE_DEBUG_INFO = NO;
				SDKROOT = iphoneos;
				SWIFT_OPTIMIZATION_LEVEL = "-Owholemodule";
				VALIDATE_PRODUCT = YES;
			};
			name = Release;
		};
		FF4DB6501D8C0D3D00424759 /* Debug */ = {
			isa = XCBuildConfiguration;
			baseConfigurationReference = D6055EF0F663E9EF0D866C12 /* Pods-RandomApp.debug.xcconfig */;
			buildSettings = {
				ASSETCATALOG_COMPILER_APPICON_NAME = AppIcon;
				CLANG_ENABLE_MODULES = YES;
				DEVELOPMENT_TEAM = H396YQCF4V;
				INFOPLIST_FILE = "RandomApp/Supporting Files/Info.plist";
				LD_RUNPATH_SEARCH_PATHS = "$(inherited) @executable_path/Frameworks";
				OTHER_SWIFT_FLAGS = "-Xfrontend -debug-time-function-bodies $(inherited)";
				PRODUCT_BUNDLE_IDENTIFIER = onthemoon.RandomApp;
				PRODUCT_NAME = "$(TARGET_NAME)";
				SWIFT_OPTIMIZATION_LEVEL = "-Onone";
				SWIFT_VERSION = 3.0;
			};
			name = Debug;
		};
		FF4DB6511D8C0D3D00424759 /* Release */ = {
			isa = XCBuildConfiguration;
			baseConfigurationReference = 47B6E67E5B90A4D9681BE792 /* Pods-RandomApp.release.xcconfig */;
			buildSettings = {
				ASSETCATALOG_COMPILER_APPICON_NAME = AppIcon;
				CLANG_ENABLE_MODULES = YES;
				DEVELOPMENT_TEAM = H396YQCF4V;
				INFOPLIST_FILE = "RandomApp/Supporting Files/Info.plist";
				LD_RUNPATH_SEARCH_PATHS = "$(inherited) @executable_path/Frameworks";
				OTHER_SWIFT_FLAGS = "-Xfrontend -debug-time-function-bodies $(inherited)";
				PRODUCT_BUNDLE_IDENTIFIER = onthemoon.RandomApp;
				PRODUCT_NAME = "$(TARGET_NAME)";
				SWIFT_VERSION = 3.0;
			};
			name = Release;
		};
		FF4DB6531D8C0D3D00424759 /* Debug */ = {
			isa = XCBuildConfiguration;
			baseConfigurationReference = 9C101055E078B50F3AA494C9 /* Pods-RandomAppTests.debug.xcconfig */;
			buildSettings = {
				ALWAYS_EMBED_SWIFT_STANDARD_LIBRARIES = YES;
				BUNDLE_LOADER = "$(TEST_HOST)";
				DEVELOPMENT_TEAM = H396YQCF4V;
				INFOPLIST_FILE = RandomAppTests/Info.plist;
				LD_RUNPATH_SEARCH_PATHS = "$(inherited) @executable_path/Frameworks @loader_path/Frameworks";
				PRODUCT_BUNDLE_IDENTIFIER = onthemoon.RandomAppTests;
				PRODUCT_NAME = "$(TARGET_NAME)";
				SWIFT_VERSION = 3.0;
				TEST_HOST = "$(BUILT_PRODUCTS_DIR)/RandomApp.app/RandomApp";
			};
			name = Debug;
		};
		FF4DB6541D8C0D3D00424759 /* Release */ = {
			isa = XCBuildConfiguration;
			baseConfigurationReference = 2CC8DFCE75EC9CECDA37B27D /* Pods-RandomAppTests.release.xcconfig */;
			buildSettings = {
				ALWAYS_EMBED_SWIFT_STANDARD_LIBRARIES = YES;
				BUNDLE_LOADER = "$(TEST_HOST)";
				DEVELOPMENT_TEAM = H396YQCF4V;
				INFOPLIST_FILE = RandomAppTests/Info.plist;
				LD_RUNPATH_SEARCH_PATHS = "$(inherited) @executable_path/Frameworks @loader_path/Frameworks";
				PRODUCT_BUNDLE_IDENTIFIER = onthemoon.RandomAppTests;
				PRODUCT_NAME = "$(TARGET_NAME)";
				SWIFT_VERSION = 3.0;
				TEST_HOST = "$(BUILT_PRODUCTS_DIR)/RandomApp.app/RandomApp";
			};
			name = Release;
		};
/* End XCBuildConfiguration section */

/* Begin XCConfigurationList section */
		FF4DB62D1D8C0D3D00424759 /* Build configuration list for PBXProject "RandomApp" */ = {
			isa = XCConfigurationList;
			buildConfigurations = (
				FF4DB64D1D8C0D3D00424759 /* Debug */,
				FF4DB64E1D8C0D3D00424759 /* Release */,
			);
			defaultConfigurationIsVisible = 0;
			defaultConfigurationName = Release;
		};
		FF4DB64F1D8C0D3D00424759 /* Build configuration list for PBXNativeTarget "RandomApp" */ = {
			isa = XCConfigurationList;
			buildConfigurations = (
				FF4DB6501D8C0D3D00424759 /* Debug */,
				FF4DB6511D8C0D3D00424759 /* Release */,
			);
			defaultConfigurationIsVisible = 0;
			defaultConfigurationName = Release;
		};
		FF4DB6521D8C0D3D00424759 /* Build configuration list for PBXNativeTarget "RandomAppTests" */ = {
			isa = XCConfigurationList;
			buildConfigurations = (
				FF4DB6531D8C0D3D00424759 /* Debug */,
				FF4DB6541D8C0D3D00424759 /* Release */,
			);
			defaultConfigurationIsVisible = 0;
			defaultConfigurationName = Release;
		};
/* End XCConfigurationList section */
	};
	rootObject = FF4DB62A1D8C0D3D00424759 /* Project object */;
}
